
Microsoft Visual Studio Solution File, Format Version 12.00
# Visual Studio 15
VisualStudioVersion = 15.0.27428.2011
MinimumVisualStudioVersion = 10.0.40219.1
Project("{8BC9CEB8-8B4A-11D0-8D11-00A0C91BC942}") = "Roy_Floyd", "Roy_Floyd\Roy_Floyd.vcxproj", "{A7826392-0E03-41B8-911B-97B46B430551}"
EndProject
Global
	GlobalSection(SolutionConfigurationPlatforms) = preSolution
		Debug|x64 = Debug|x64
		Release|x64 = Release|x64
	EndGlobalSection
	GlobalSection(ProjectConfigurationPlatforms) = postSolution
		{A7826392-0E03-41B8-911B-97B46B430551}.Debug|x64.ActiveCfg = Debug|x64
		{A7826392-0E03-41B8-911B-97B46B430551}.Debug|x64.Build.0 = Debug|x64
		{A7826392-0E03-41B8-911B-97B46B430551}.Release|x64.ActiveCfg = Release|x64
		{A7826392-0E03-41B8-911B-97B46B430551}.Release|x64.Build.0 = Release|x64
	EndGlobalSection
	GlobalSection(SolutionProperties) = preSolution
		HideSolutionNode = FALSE
	EndGlobalSection
	GlobalSection(ExtensibilityGlobals) = postSolution
		SolutionGuid = {9B4FD996-4FD3-4338-8E12-81518CE29876}
	EndGlobalSection
EndGlobal
